// !$*UTF8*$!
{
	archiveVersion = 1;
	classes = {
	};
	objectVersion = 50;
	objects = {

/* Begin PBXBuildFile section */
		A691AADC26D7964700A4012B /* AppDelegate.swift in Sources */ = {isa = PBXBuildFile; fileRef = A691AADB26D7964700A4012B /* AppDelegate.swift */; };
		A691AADE26D7964700A4012B /* SceneDelegate.swift in Sources */ = {isa = PBXBuildFile; fileRef = A691AADD26D7964700A4012B /* SceneDelegate.swift */; };
		A691AAE326D7964700A4012B /* Main.storyboard in Resources */ = {isa = PBXBuildFile; fileRef = A691AAE126D7964700A4012B /* Main.storyboard */; };
		A691AAE526D7964900A4012B /* Assets.xcassets in Resources */ = {isa = PBXBuildFile; fileRef = A691AAE426D7964900A4012B /* Assets.xcassets */; };
		A691AAE826D7964900A4012B /* LaunchScreen.storyboard in Resources */ = {isa = PBXBuildFile; fileRef = A691AAE626D7964900A4012B /* LaunchScreen.storyboard */; };
		A691AAF726D796EC00A4012B /* SWRevealViewController.m in Sources */ = {isa = PBXBuildFile; fileRef = A691AAF626D796EC00A4012B /* SWRevealViewController.m */; };
		A691AAF926D796FA00A4012B /* SlidebarMenu.swift in Sources */ = {isa = PBXBuildFile; fileRef = A691AAF826D796FA00A4012B /* SlidebarMenu.swift */; };
		A691AAFB26D7971E00A4012B /* NewsTableViewController.swift in Sources */ = {isa = PBXBuildFile; fileRef = A691AAFA26D7971E00A4012B /* NewsTableViewController.swift */; };
		A691AAFD26D7973300A4012B /* PhotoViewController.swift in Sources */ = {isa = PBXBuildFile; fileRef = A691AAFC26D7973300A4012B /* PhotoViewController.swift */; };
		A691AAFF26D7974600A4012B /* MapViewController.swift in Sources */ = {isa = PBXBuildFile; fileRef = A691AAFE26D7974600A4012B /* MapViewController.swift */; };
		A691AB0426D7977400A4012B /* NewsTableViewCell.swift in Sources */ = {isa = PBXBuildFile; fileRef = A691AB0326D7977400A4012B /* NewsTableViewCell.swift */; };
		A691AB0626D797D400A4012B /* MenuController.swift in Sources */ = {isa = PBXBuildFile; fileRef = A691AB0526D797D400A4012B /* MenuController.swift */; };
/* End PBXBuildFile section */

/* Begin PBXFileReference section */
		A691AAD826D7964700A4012B /* Slidebar Menu.app */ = {isa = PBXFileReference; explicitFileType = wrapper.application; includeInIndex = 0; path = "Slidebar Menu.app"; sourceTree = BUILT_PRODUCTS_DIR; };
		A691AADB26D7964700A4012B /* AppDelegate.swift */ = {isa = PBXFileReference; lastKnownFileType = sourcecode.swift; path = AppDelegate.swift; sourceTree = "<group>"; };
		A691AADD26D7964700A4012B /* SceneDelegate.swift */ = {isa = PBXFileReference; lastKnownFileType = sourcecode.swift; path = SceneDelegate.swift; sourceTree = "<group>"; };
		A691AAE226D7964700A4012B /* Base */ = {isa = PBXFileReference; lastKnownFileType = file.storyboard; name = Base; path = Base.lproj/Main.storyboard; sourceTree = "<group>"; };
		A691AAE426D7964900A4012B /* Assets.xcassets */ = {isa = PBXFileReference; lastKnownFileType = folder.assetcatalog; path = Assets.xcassets; sourceTree = "<group>"; };
		A691AAE726D7964900A4012B /* Base */ = {isa = PBXFileReference; lastKnownFileType = file.storyboard; name = Base; path = Base.lproj/LaunchScreen.storyboard; sourceTree = "<group>"; };
		A691AAE926D7964900A4012B /* Info.plist */ = {isa = PBXFileReference; lastKnownFileType = text.plist.xml; path = Info.plist; sourceTree = "<group>"; };
		A691AAF426D796EB00A4012B /* Slidebar Menu-Bridging-Header.h */ = {isa = PBXFileReference; lastKnownFileType = sourcecode.c.h; path = "Slidebar Menu-Bridging-Header.h"; sourceTree = "<group>"; };
		A691AAF526D796EC00A4012B /* SWRevealViewController.h */ = {isa = PBXFileReference; fileEncoding = 4; lastKnownFileType = sourcecode.c.h; path = SWRevealViewController.h; sourceTree = "<group>"; };
		A691AAF626D796EC00A4012B /* SWRevealViewController.m */ = {isa = PBXFileReference; fileEncoding = 4; lastKnownFileType = sourcecode.c.objc; path = SWRevealViewController.m; sourceTree = "<group>"; };
		A691AAF826D796FA00A4012B /* SlidebarMenu.swift */ = {isa = PBXFileReference; lastKnownFileType = sourcecode.swift; path = SlidebarMenu.swift; sourceTree = "<group>"; };
		A691AAFA26D7971E00A4012B /* NewsTableViewController.swift */ = {isa = PBXFileReference; lastKnownFileType = sourcecode.swift; path = NewsTableViewController.swift; sourceTree = "<group>"; };
		A691AAFC26D7973300A4012B /* PhotoViewController.swift */ = {isa = PBXFileReference; lastKnownFileType = sourcecode.swift; path = PhotoViewController.swift; sourceTree = "<group>"; };
		A691AAFE26D7974600A4012B /* MapViewController.swift */ = {isa = PBXFileReference; lastKnownFileType = sourcecode.swift; path = MapViewController.swift; sourceTree = "<group>"; };
		A691AB0326D7977400A4012B /* NewsTableViewCell.swift */ = {isa = PBXFileReference; lastKnownFileType = sourcecode.swift; path = NewsTableViewCell.swift; sourceTree = "<group>"; };
		A691AB0526D797D400A4012B /* MenuController.swift */ = {isa = PBXFileReference; lastKnownFileType = sourcecode.swift; path = MenuController.swift; sourceTree = "<group>"; };
/* End PBXFileReference section */

/* Begin PBXFrameworksBuildPhase section */
		A691AAD526D7964700A4012B /* Frameworks */ = {
			isa = PBXFrameworksBuildPhase;
			buildActionMask = 2147483647;
			files = (
			);
			runOnlyForDeploymentPostprocessing = 0;
		};
/* End PBXFrameworksBuildPhase section */

/* Begin PBXGroup section */
		A691AACF26D7964700A4012B = {
			isa = PBXGroup;
			children = (
				A691AADA26D7964700A4012B /* Slidebar Menu */,
				A691AAD926D7964700A4012B /* Products */,
			);
			sourceTree = "<group>";
		};
		A691AAD926D7964700A4012B /* Products */ = {
			isa = PBXGroup;
			children = (
				A691AAD826D7964700A4012B /* Slidebar Menu.app */,
			);
			name = Products;
			sourceTree = "<group>";
		};
		A691AADA26D7964700A4012B /* Slidebar Menu */ = {
			isa = PBXGroup;
			children = (
				A691AB0226D7975C00A4012B /* Custom Cell */,
				A691AAF326D796C500A4012B /* Extension */,
				A691AAF226D796B800A4012B /* SWRevealViewController */,
				A691AAF126D796B100A4012B /* Controllers */,
				A691AAF026D796AD00A4012B /* Views */,
				A691AAEF26D7969D00A4012B /* Supporting Files */,
				A691AAE926D7964900A4012B /* Info.plist */,
			);
			path = "Slidebar Menu";
			sourceTree = "<group>";
		};
		A691AAEF26D7969D00A4012B /* Supporting Files */ = {
			isa = PBXGroup;
			children = (
				A691AADB26D7964700A4012B /* AppDelegate.swift */,
				A691AADD26D7964700A4012B /* SceneDelegate.swift */,
				A691AAE426D7964900A4012B /* Assets.xcassets */,
			);
			path = "Supporting Files";
			sourceTree = "<group>";
		};
		A691AAF026D796AD00A4012B /* Views */ = {
			isa = PBXGroup;
			children = (
				A691AAE626D7964900A4012B /* LaunchScreen.storyboard */,
				A691AAE126D7964700A4012B /* Main.storyboard */,
			);
			path = Views;
			sourceTree = "<group>";
		};
		A691AAF126D796B100A4012B /* Controllers */ = {
			isa = PBXGroup;
			children = (
				A691AAFA26D7971E00A4012B /* NewsTableViewController.swift */,
				A691AAFC26D7973300A4012B /* PhotoViewController.swift */,
				A691AAFE26D7974600A4012B /* MapViewController.swift */,
				A691AB0526D797D400A4012B /* MenuController.swift */,
			);
			path = Controllers;
			sourceTree = "<group>";
		};
		A691AAF226D796B800A4012B /* SWRevealViewController */ = {
			isa = PBXGroup;
			children = (
				A691AAF526D796EC00A4012B /* SWRevealViewController.h */,
				A691AAF626D796EC00A4012B /* SWRevealViewController.m */,
				A691AAF426D796EB00A4012B /* Slidebar Menu-Bridging-Header.h */,
			);
			path = SWRevealViewController;
			sourceTree = "<group>";
		};
		A691AAF326D796C500A4012B /* Extension */ = {
			isa = PBXGroup;
			children = (
				A691AAF826D796FA00A4012B /* SlidebarMenu.swift */,
			);
			path = Extension;
			sourceTree = "<group>";
		};
		A691AB0226D7975C00A4012B /* Custom Cell */ = {
			isa = PBXGroup;
			children = (
				A691AB0326D7977400A4012B /* NewsTableViewCell.swift */,
			);
			path = "Custom Cell";
			sourceTree = "<group>";
		};
/* End PBXGroup section */

/* Begin PBXNativeTarget section */
		A691AAD726D7964700A4012B /* Slidebar Menu */ = {
			isa = PBXNativeTarget;
			buildConfigurationList = A691AAEC26D7964900A4012B /* Build configuration list for PBXNativeTarget "Slidebar Menu" */;
			buildPhases = (
				A691AAD426D7964700A4012B /* Sources */,
				A691AAD526D7964700A4012B /* Frameworks */,
				A691AAD626D7964700A4012B /* Resources */,
			);
			buildRules = (
			);
			dependencies = (
			);
			name = "Slidebar Menu";
			productName = "Slidebar Menu";
			productReference = A691AAD826D7964700A4012B /* Slidebar Menu.app */;
			productType = "com.apple.product-type.application";
		};
/* End PBXNativeTarget section */

/* Begin PBXProject section */
		A691AAD026D7964700A4012B /* Project object */ = {
			isa = PBXProject;
			attributes = {
				LastSwiftUpdateCheck = 1250;
				LastUpgradeCheck = 1250;
				TargetAttributes = {
					A691AAD726D7964700A4012B = {
						CreatedOnToolsVersion = 12.5.1;
						LastSwiftMigration = 1250;
					};
				};
			};
			buildConfigurationList = A691AAD326D7964700A4012B /* Build configuration list for PBXProject "Slidebar Menu" */;
			compatibilityVersion = "Xcode 9.3";
			developmentRegion = en;
			hasScannedForEncodings = 0;
			knownRegions = (
				en,
				Base,
			);
			mainGroup = A691AACF26D7964700A4012B;
			productRefGroup = A691AAD926D7964700A4012B /* Products */;
			projectDirPath = "";
			projectRoot = "";
			targets = (
				A691AAD726D7964700A4012B /* Slidebar Menu */,
			);
		};
/* End PBXProject section */

/* Begin PBXResourcesBuildPhase section */
		A691AAD626D7964700A4012B /* Resources */ = {
			isa = PBXResourcesBuildPhase;
			buildActionMask = 2147483647;
			files = (
				A691AAE826D7964900A4012B /* LaunchScreen.storyboard in Resources */,
				A691AAE526D7964900A4012B /* Assets.xcassets in Resources */,
				A691AAE326D7964700A4012B /* Main.storyboard in Resources */,
			);
			runOnlyForDeploymentPostprocessing = 0;
		};
/* End PBXResourcesBuildPhase section */

/* Begin PBXSourcesBuildPhase section */
		A691AAD426D7964700A4012B /* Sources */ = {
			isa = PBXSourcesBuildPhase;
			buildActionMask = 2147483647;
			files = (
				A691AB0626D797D400A4012B /* MenuController.swift in Sources */,
				A691AAF926D796FA00A4012B /* SlidebarMenu.swift in Sources */,
				A691AB0426D7977400A4012B /* NewsTableViewCell.swift in Sources */,
				A691AAFB26D7971E00A4012B /* NewsTableViewController.swift in Sources */,
				A691AADC26D7964700A4012B /* AppDelegate.swift in Sources */,
				A691AAFD26D7973300A4012B /* PhotoViewController.swift in Sources */,
				A691AADE26D7964700A4012B /* SceneDelegate.swift in Sources */,
				A691AAF726D796EC00A4012B /* SWRevealViewController.m in Sources */,
				A691AAFF26D7974600A4012B /* MapViewController.swift in Sources */,
			);
			runOnlyForDeploymentPostprocessing = 0;
		};
/* End PBXSourcesBuildPhase section */

/* Begin PBXVariantGroup section */
		A691AAE126D7964700A4012B /* Main.storyboard */ = {
			isa = PBXVariantGroup;
			children = (
				A691AAE226D7964700A4012B /* Base */,
			);
			name = Main.storyboard;
			sourceTree = "<group>";
		};
		A691AAE626D7964900A4012B /* LaunchScreen.storyboard */ = {
			isa = PBXVariantGroup;
			children = (
				A691AAE726D7964900A4012B /* Base */,
			);
			name = LaunchScreen.storyboard;
			sourceTree = "<group>";
		};
/* End PBXVariantGroup section */

/* Begin XCBuildConfiguration section */
		A691AAEA26D7964900A4012B /* Debug */ = {
			isa = XCBuildConfiguration;
			buildSettings = {
				ALWAYS_SEARCH_USER_PATHS = NO;
				CLANG_ANALYZER_NONNULL = YES;
				CLANG_ANALYZER_NUMBER_OBJECT_CONVERSION = YES_AGGRESSIVE;
				CLANG_CXX_LANGUAGE_STANDARD = "gnu++14";
				CLANG_CXX_LIBRARY = "libc++";
				CLANG_ENABLE_MODULES = YES;
				CLANG_ENABLE_OBJC_ARC = YES;
				CLANG_ENABLE_OBJC_WEAK = YES;
				CLANG_WARN_BLOCK_CAPTURE_AUTORELEASING = YES;
				CLANG_WARN_BOOL_CONVERSION = YES;
				CLANG_WARN_COMMA = YES;
				CLANG_WARN_CONSTANT_CONVERSION = YES;
				CLANG_WARN_DEPRECATED_OBJC_IMPLEMENTATIONS = YES;
				CLANG_WARN_DIRECT_OBJC_ISA_USAGE = YES_ERROR;
				CLANG_WARN_DOCUMENTATION_COMMENTS = YES;
				CLANG_WARN_EMPTY_BODY = YES;
				CLANG_WARN_ENUM_CONVERSION = YES;
				CLANG_WARN_INFINITE_RECURSION = YES;
				CLANG_WARN_INT_CONVERSION = YES;
				CLANG_WARN_NON_LITERAL_NULL_CONVERSION = YES;
				CLANG_WARN_OBJC_IMPLICIT_RETAIN_SELF = YES;
				CLANG_WARN_OBJC_LITERAL_CONVERSION = YES;
				CLANG_WARN_OBJC_ROOT_CLASS = YES_ERROR;
				CLANG_WARN_QUOTED_INCLUDE_IN_FRAMEWORK_HEADER = YES;
				CLANG_WARN_RANGE_LOOP_ANALYSIS = YES;
				CLANG_WARN_STRICT_PROTOTYPES = YES;
				CLANG_WARN_SUSPICIOUS_MOVE = YES;
				CLANG_WARN_UNGUARDED_AVAILABILITY = YES_AGGRESSIVE;
				CLANG_WARN_UNREACHABLE_CODE = YES;
				CLANG_WARN__DUPLICATE_METHOD_MATCH = YES;
				COPY_PHASE_STRIP = NO;
				DEBUG_INFORMATION_FORMAT = dwarf;
				ENABLE_STRICT_OBJC_MSGSEND = YES;
				ENABLE_TESTABILITY = YES;
				GCC_C_LANGUAGE_STANDARD = gnu11;
				GCC_DYNAMIC_NO_PIC = NO;
				GCC_NO_COMMON_BLOCKS = YES;
				GCC_OPTIMIZATION_LEVEL = 0;
				GCC_PREPROCESSOR_DEFINITIONS = (
					"DEBUG=1",
					"$(inherited)",
				);
				GCC_WARN_64_TO_32_BIT_CONVERSION = YES;
				GCC_WARN_ABOUT_RETURN_TYPE = YES_ERROR;
				GCC_WARN_UNDECLARED_SELECTOR = YES;
				GCC_WARN_UNINITIALIZED_AUTOS = YES_AGGRESSIVE;
				GCC_WARN_UNUSED_FUNCTION = YES;
				GCC_WARN_UNUSED_VARIABLE = YES;
				IPHONEOS_DEPLOYMENT_TARGET = 14.5;
				MTL_ENABLE_DEBUG_INFO = INCLUDE_SOURCE;
				MTL_FAST_MATH = YES;
				ONLY_ACTIVE_ARCH = YES;
				SDKROOT = iphoneos;
				SWIFT_ACTIVE_COMPILATION_CONDITIONS = DEBUG;
				SWIFT_OPTIMIZATION_LEVEL = "-Onone";
			};
			name = Debug;
		};
		A691AAEB26D7964900A4012B /* Release */ = {
			isa = XCBuildConfiguration;
			buildSettings = {
				ALWAYS_SEARCH_USER_PATHS = NO;
				CLANG_ANALYZER_NONNULL = YES;
				CLANG_ANALYZER_NUMBER_OBJECT_CONVERSION = YES_AGGRESSIVE;
				CLANG_CXX_LANGUAGE_STANDARD = "gnu++14";
				CLANG_CXX_LIBRARY = "libc++";
				CLANG_ENABLE_MODULES = YES;
				CLANG_ENABLE_OBJC_ARC = YES;
				CLANG_ENABLE_OBJC_WEAK = YES;
				CLANG_WARN_BLOCK_CAPTURE_AUTORELEASING = YES;
				CLANG_WARN_BOOL_CONVERSION = YES;
				CLANG_WARN_COMMA = YES;
				CLANG_WARN_CONSTANT_CONVERSION = YES;
				CLANG_WARN_DEPRECATED_OBJC_IMPLEMENTATIONS = YES;
				CLANG_WARN_DIRECT_OBJC_ISA_USAGE = YES_ERROR;
				CLANG_WARN_DOCUMENTATION_COMMENTS = YES;
				CLANG_WARN_EMPTY_BODY = YES;
				CLANG_WARN_ENUM_CONVERSION = YES;
				CLANG_WARN_INFINITE_RECURSION = YES;
				CLANG_WARN_INT_CONVERSION = YES;
				CLANG_WARN_NON_LITERAL_NULL_CONVERSION = YES;
				CLANG_WARN_OBJC_IMPLICIT_RETAIN_SELF = YES;
				CLANG_WARN_OBJC_LITERAL_CONVERSION = YES;
				CLANG_WARN_OBJC_ROOT_CLASS = YES_ERROR;
				CLANG_WARN_QUOTED_INCLUDE_IN_FRAMEWORK_HEADER = YES;
				CLANG_WARN_RANGE_LOOP_ANALYSIS = YES;
				CLANG_WARN_STRICT_PROTOTYPES = YES;
				CLANG_WARN_SUSPICIOUS_MOVE = YES;
				CLANG_WARN_UNGUARDED_AVAILABILITY = YES_AGGRESSIVE;
				CLANG_WARN_UNREACHABLE_CODE = YES;
				CLANG_WARN__DUPLICATE_METHOD_MATCH = YES;
				COPY_PHASE_STRIP = NO;
				DEBUG_INFORMATION_FORMAT = "dwarf-with-dsym";
				ENABLE_NS_ASSERTIONS = NO;
				ENABLE_STRICT_OBJC_MSGSEND = YES;
				GCC_C_LANGUAGE_STANDARD = gnu11;
				GCC_NO_COMMON_BLOCKS = YES;
				GCC_WARN_64_TO_32_BIT_CONVERSION = YES;
				GCC_WARN_ABOUT_RETURN_TYPE = YES_ERROR;
				GCC_WARN_UNDECLARED_SELECTOR = YES;
				GCC_WARN_UNINITIALIZED_AUTOS = YES_AGGRESSIVE;
				GCC_WARN_UNUSED_FUNCTION = YES;
				GCC_WARN_UNUSED_VARIABLE = YES;
				IPHONEOS_DEPLOYMENT_TARGET = 14.5;
				MTL_ENABLE_DEBUG_INFO = NO;
				MTL_FAST_MATH = YES;
				SDKROOT = iphoneos;
				SWIFT_COMPILATION_MODE = wholemodule;
				SWIFT_OPTIMIZATION_LEVEL = "-O";
				VALIDATE_PRODUCT = YES;
			};
			name = Release;
		};
		A691AAED26D7964900A4012B /* Debug */ = {
			isa = XCBuildConfiguration;
			buildSettings = {
				ASSETCATALOG_COMPILER_APPICON_NAME = AppIcon;
				ASSETCATALOG_COMPILER_GLOBAL_ACCENT_COLOR_NAME = AccentColor;
				CLANG_ENABLE_MODULES = YES;
				CODE_SIGN_STYLE = Automatic;
				DEVELOPMENT_TEAM = ZJD5A2P8BC;
				INFOPLIST_FILE = "Slidebar Menu/Info.plist";
				LD_RUNPATH_SEARCH_PATHS = (
					"$(inherited)",
					"@executable_path/Frameworks",
				);
				PRODUCT_BUNDLE_IDENTIFIER = "com.adnannmuratovic.Slidebar-Menu";
				PRODUCT_NAME = "$(TARGET_NAME)";
				SWIFT_OBJC_BRIDGING_HEADER = "Slidebar Menu/SWRevealViewController/Slidebar Menu-Bridging-Header.h";
				SWIFT_OPTIMIZATION_LEVEL = "-Onone";
				SWIFT_VERSION = 5.0;
				TARGETED_DEVICE_FAMILY = "1,2";
			};
			name = Debug;
		};
		A691AAEE26D7964900A4012B /* Release */ = {
			isa = XCBuildConfiguration;
			buildSettings = {
				ASSETCATALOG_COMPILER_APPICON_NAME = AppIcon;
				ASSETCATALOG_COMPILER_GLOBAL_ACCENT_COLOR_NAME = AccentColor;
				CLANG_ENABLE_MODULES = YES;
				CODE_SIGN_STYLE = Automatic;
				DEVELOPMENT_TEAM = ZJD5A2P8BC;
				INFOPLIST_FILE = "Slidebar Menu/Info.plist";
				LD_RUNPATH_SEARCH_PATHS = (
					"$(inherited)",
					"@executable_path/Frameworks",
				);
				PRODUCT_BUNDLE_IDENTIFIER = "com.adnannmuratovic.Slidebar-Menu";
				PRODUCT_NAME = "$(TARGET_NAME)";
				SWIFT_OBJC_BRIDGING_HEADER = "Slidebar Menu/SWRevealViewController/Slidebar Menu-Bridging-Header.h";
				SWIFT_VERSION = 5.0;
				TARGETED_DEVICE_FAMILY = "1,2";
			};
			name = Release;
		};
/* End XCBuildConfiguration section */

/* Begin XCConfigurationList section */
		A691AAD326D7964700A4012B /* Build configuration list for PBXProject "Slidebar Menu" */ = {
			isa = XCConfigurationList;
			buildConfigurations = (
				A691AAEA26D7964900A4012B /* Debug */,
				A691AAEB26D7964900A4012B /* Release */,
			);
			defaultConfigurationIsVisible = 0;
			defaultConfigurationName = Release;
		};
		A691AAEC26D7964900A4012B /* Build configuration list for PBXNativeTarget "Slidebar Menu" */ = {
			isa = XCConfigurationList;
			buildConfigurations = (
				A691AAED26D7964900A4012B /* Debug */,
				A691AAEE26D7964900A4012B /* Release */,
			);
			defaultConfigurationIsVisible = 0;
			defaultConfigurationName = Release;
		};
/* End XCConfigurationList section */
	};
	rootObject = A691AAD026D7964700A4012B /* Project object */;
}
